
Microsoft Visual Studio Solution File, Format Version 12.00
# Visual Studio Version 16
VisualStudioVersion = 16.0.30517.126
MinimumVisualStudioVersion = 10.0.40219.1
Project("{FAE04EC0-301F-11D3-BF4B-00C04F79EFBC}") = "ConsoleApp1", "ConsoleApp1\ConsoleApp1.csproj", "{56914958-F8A3-476D-99C5-EA1A8E51D8DF}"
EndProject
Global
	GlobalSection(SolutionConfigurationPlatforms) = preSolution
		Debug|Any CPU = Debug|Any CPU
		Release|Any CPU = Release|Any CPU
	EndGlobalSection
	GlobalSection(ProjectConfigurationPlatforms) = postSolution
		{56914958-F8A3-476D-99C5-EA1A8E51D8DF}.Debug|Any CPU.ActiveCfg = Debug|Any CPU
		{56914958-F8A3-476D-99C5-EA1A8E51D8DF}.Debug|Any CPU.Build.0 = Debug|Any CPU
		{56914958-F8A3-476D-99C5-EA1A8E51D8DF}.Release|Any CPU.ActiveCfg = Release|Any CPU
		{56914958-F8A3-476D-99C5-EA1A8E51D8DF}.Release|Any CPU.Build.0 = Release|Any CPU
	EndGlobalSection
	GlobalSection(SolutionProperties) = preSolution
		HideSolutionNode = FALSE
	EndGlobalSection
	GlobalSection(ExtensibilityGlobals) = postSolution
		SolutionGuid = {37F5A02B-0267-439F-98E5-ACFC4CDAD3D5}
	EndGlobalSection
EndGlobal
